// !$*UTF8*$!
{
	archiveVersion = 1;
	classes = {
	};
	objectVersion = 50;
	objects = {

/* Begin PBXBuildFile section */
		B33AE4D821ECA6A60016966A /* NetworkProviderImp.swift in Sources */ = {isa = PBXBuildFile; fileRef = B33AE4AA21ECA6A60016966A /* NetworkProviderImp.swift */; };
		B33AE4D921ECA6A60016966A /* SharedSorage.swift in Sources */ = {isa = PBXBuildFile; fileRef = B33AE4AC21ECA6A60016966A /* SharedSorage.swift */; };
		B33AE4DA21ECA6A60016966A /* KeyValueSorage.swift in Sources */ = {isa = PBXBuildFile; fileRef = B33AE4AE21ECA6A60016966A /* KeyValueSorage.swift */; };
		B33AE4DB21ECA6A60016966A /* ServicesAssembly.swift in Sources */ = {isa = PBXBuildFile; fileRef = B33AE4B021ECA6A60016966A /* ServicesAssembly.swift */; };
		B33AE4DC21ECA6A60016966A /* CoreComponentAssembly.swift in Sources */ = {isa = PBXBuildFile; fileRef = B33AE4B121ECA6A60016966A /* CoreComponentAssembly.swift */; };
		B33AE4DD21ECA6A60016966A /* ProxyAssembly.swift in Sources */ = {isa = PBXBuildFile; fileRef = B33AE4B221ECA6A60016966A /* ProxyAssembly.swift */; };
		B33AE4DE21ECA6A60016966A /* BusinessLayerAssembly.swift in Sources */ = {isa = PBXBuildFile; fileRef = B33AE4B321ECA6A60016966A /* BusinessLayerAssembly.swift */; };
		B33AE4DF21ECA6A60016966A /* ConfiguratorProtocol.swift in Sources */ = {isa = PBXBuildFile; fileRef = B33AE4BC21ECA6A60016966A /* ConfiguratorProtocol.swift */; };
		B33AE4E021ECA6A60016966A /* ApplicationConfigurator.swift in Sources */ = {isa = PBXBuildFile; fileRef = B33AE4BD21ECA6A60016966A /* ApplicationConfigurator.swift */; };
		B33AE4E121ECA6A60016966A /* AppearanceConfigurator.swift in Sources */ = {isa = PBXBuildFile; fileRef = B33AE4BE21ECA6A60016966A /* AppearanceConfigurator.swift */; };
		B33AE4E221ECA6A60016966A /* ApplicationAssembler.swift in Sources */ = {isa = PBXBuildFile; fileRef = B33AE4C021ECA6A60016966A /* ApplicationAssembler.swift */; };
		B33AE4E321ECA6A60016966A /* AppDelegate.swift in Sources */ = {isa = PBXBuildFile; fileRef = B33AE4C121ECA6A60016966A /* AppDelegate.swift */; };
		B33AE4E421ECA6A60016966A /* ModuleAssembly.swift in Sources */ = {isa = PBXBuildFile; fileRef = B33AE4C421ECA6A60016966A /* ModuleAssembly.swift */; };
		B33AE4E521ECA6A60016966A /* LaunchScreen.storyboard in Resources */ = {isa = PBXBuildFile; fileRef = B33AE4C521ECA6A60016966A /* LaunchScreen.storyboard */; };
		B33AE4E621ECA6A60016966A /* RootAssembler.swift in Sources */ = {isa = PBXBuildFile; fileRef = B33AE4CA21ECA6A60016966A /* RootAssembler.swift */; };
		B33AE4E721ECA6A60016966A /* RootPresenter.swift in Sources */ = {isa = PBXBuildFile; fileRef = B33AE4CC21ECA6A60016966A /* RootPresenter.swift */; };
		B33AE4E821ECA6A60016966A /* Root.storyboard in Resources */ = {isa = PBXBuildFile; fileRef = B33AE4CD21ECA6A60016966A /* Root.storyboard */; };
		B33AE4E921ECA6A60016966A /* RootViewController.swift in Sources */ = {isa = PBXBuildFile; fileRef = B33AE4CF21ECA6A60016966A /* RootViewController.swift */; };
		B33AE4EA21ECA6A60016966A /* RootConfigurator.swift in Sources */ = {isa = PBXBuildFile; fileRef = B33AE4D121ECA6A60016966A /* RootConfigurator.swift */; };
		B33AE4EB21ECA6A60016966A /* RootProtocols.swift in Sources */ = {isa = PBXBuildFile; fileRef = B33AE4D321ECA6A60016966A /* RootProtocols.swift */; };
		B33AE4EC21ECA6A60016966A /* RootInteractor.swift in Sources */ = {isa = PBXBuildFile; fileRef = B33AE4D521ECA6A60016966A /* RootInteractor.swift */; };
		B33AE4ED21ECA6A60016966A /* RootRouter.swift in Sources */ = {isa = PBXBuildFile; fileRef = B33AE4D721ECA6A60016966A /* RootRouter.swift */; };
		B33AE4F521ECA6C60016966A /* Constants.swift in Sources */ = {isa = PBXBuildFile; fileRef = B33AE4EF21ECA6C60016966A /* Constants.swift */; };
		B33AE4F621ECA6C60016966A /* Presentable.swift in Sources */ = {isa = PBXBuildFile; fileRef = B33AE4F221ECA6C60016966A /* Presentable.swift */; };
		B33AE4FE21ECA6CD0016966A /* Localization.strings in Resources */ = {isa = PBXBuildFile; fileRef = B33AE4F821ECA6CD0016966A /* Localization.strings */; };
		B33AE4FF21ECA6CD0016966A /* Assets.xcassets in Resources */ = {isa = PBXBuildFile; fileRef = B33AE4FA21ECA6CD0016966A /* Assets.xcassets */; };
		B33AE50021ECA6CD0016966A /* R.generated.swift in Sources */ = {isa = PBXBuildFile; fileRef = B33AE4FC21ECA6CD0016966A /* R.generated.swift */; };
		B33AE50121ECA6CD0016966A /* Info.plist in Resources */ = {isa = PBXBuildFile; fileRef = B33AE4FD21ECA6CD0016966A /* Info.plist */; };
/* End PBXBuildFile section */

/* Begin PBXFileReference section */
		B33AE48C21ECA5B00016966A /* {{ cookiecutter.project_name | replace(' ', '') }}.app */ = {isa = PBXFileReference; explicitFileType = wrapper.application; includeInIndex = 0; path = "{{ cookiecutter.project_name | replace(' ', '') }}.app"; sourceTree = BUILT_PRODUCTS_DIR; };
		B33AE4AA21ECA6A60016966A /* NetworkProviderImp.swift */ = {isa = PBXFileReference; fileEncoding = 4; lastKnownFileType = sourcecode.swift; path = NetworkProviderImp.swift; sourceTree = "<group>"; };
		B33AE4AC21ECA6A60016966A /* SharedSorage.swift */ = {isa = PBXFileReference; fileEncoding = 4; lastKnownFileType = sourcecode.swift; path = SharedSorage.swift; sourceTree = "<group>"; };
		B33AE4AE21ECA6A60016966A /* KeyValueSorage.swift */ = {isa = PBXFileReference; fileEncoding = 4; lastKnownFileType = sourcecode.swift; path = KeyValueSorage.swift; sourceTree = "<group>"; };
		B33AE4B021ECA6A60016966A /* ServicesAssembly.swift */ = {isa = PBXFileReference; fileEncoding = 4; lastKnownFileType = sourcecode.swift; path = ServicesAssembly.swift; sourceTree = "<group>"; };
		B33AE4B121ECA6A60016966A /* CoreComponentAssembly.swift */ = {isa = PBXFileReference; fileEncoding = 4; lastKnownFileType = sourcecode.swift; path = CoreComponentAssembly.swift; sourceTree = "<group>"; };
		B33AE4B221ECA6A60016966A /* ProxyAssembly.swift */ = {isa = PBXFileReference; fileEncoding = 4; lastKnownFileType = sourcecode.swift; path = ProxyAssembly.swift; sourceTree = "<group>"; };
		B33AE4B321ECA6A60016966A /* BusinessLayerAssembly.swift */ = {isa = PBXFileReference; fileEncoding = 4; lastKnownFileType = sourcecode.swift; path = BusinessLayerAssembly.swift; sourceTree = "<group>"; };
		B33AE4BC21ECA6A60016966A /* ConfiguratorProtocol.swift */ = {isa = PBXFileReference; fileEncoding = 4; lastKnownFileType = sourcecode.swift; path = ConfiguratorProtocol.swift; sourceTree = "<group>"; };
		B33AE4BD21ECA6A60016966A /* ApplicationConfigurator.swift */ = {isa = PBXFileReference; fileEncoding = 4; lastKnownFileType = sourcecode.swift; path = ApplicationConfigurator.swift; sourceTree = "<group>"; };
		B33AE4BE21ECA6A60016966A /* AppearanceConfigurator.swift */ = {isa = PBXFileReference; fileEncoding = 4; lastKnownFileType = sourcecode.swift; path = AppearanceConfigurator.swift; sourceTree = "<group>"; };
		B33AE4C021ECA6A60016966A /* ApplicationAssembler.swift */ = {isa = PBXFileReference; fileEncoding = 4; lastKnownFileType = sourcecode.swift; path = ApplicationAssembler.swift; sourceTree = "<group>"; };
		B33AE4C121ECA6A60016966A /* AppDelegate.swift */ = {isa = PBXFileReference; fileEncoding = 4; lastKnownFileType = sourcecode.swift; path = AppDelegate.swift; sourceTree = "<group>"; };
		B33AE4C421ECA6A60016966A /* ModuleAssembly.swift */ = {isa = PBXFileReference; fileEncoding = 4; lastKnownFileType = sourcecode.swift; path = ModuleAssembly.swift; sourceTree = "<group>"; };
		B33AE4C621ECA6A60016966A /* Base */ = {isa = PBXFileReference; lastKnownFileType = file.storyboard; name = Base; path = Base.lproj/LaunchScreen.storyboard; sourceTree = "<group>"; };
		B33AE4CA21ECA6A60016966A /* RootAssembler.swift */ = {isa = PBXFileReference; fileEncoding = 4; lastKnownFileType = sourcecode.swift; path = RootAssembler.swift; sourceTree = "<group>"; };
		B33AE4CC21ECA6A60016966A /* RootPresenter.swift */ = {isa = PBXFileReference; fileEncoding = 4; lastKnownFileType = sourcecode.swift; path = RootPresenter.swift; sourceTree = "<group>"; };
		B33AE4CD21ECA6A60016966A /* Root.storyboard */ = {isa = PBXFileReference; fileEncoding = 4; lastKnownFileType = file.storyboard; path = Root.storyboard; sourceTree = "<group>"; };
		B33AE4CF21ECA6A60016966A /* RootViewController.swift */ = {isa = PBXFileReference; fileEncoding = 4; lastKnownFileType = sourcecode.swift; path = RootViewController.swift; sourceTree = "<group>"; };
		B33AE4D121ECA6A60016966A /* RootConfigurator.swift */ = {isa = PBXFileReference; fileEncoding = 4; lastKnownFileType = sourcecode.swift; path = RootConfigurator.swift; sourceTree = "<group>"; };
		B33AE4D321ECA6A60016966A /* RootProtocols.swift */ = {isa = PBXFileReference; fileEncoding = 4; lastKnownFileType = sourcecode.swift; path = RootProtocols.swift; sourceTree = "<group>"; };
		B33AE4D521ECA6A60016966A /* RootInteractor.swift */ = {isa = PBXFileReference; fileEncoding = 4; lastKnownFileType = sourcecode.swift; path = RootInteractor.swift; sourceTree = "<group>"; };
		B33AE4D721ECA6A60016966A /* RootRouter.swift */ = {isa = PBXFileReference; fileEncoding = 4; lastKnownFileType = sourcecode.swift; path = RootRouter.swift; sourceTree = "<group>"; };
		B33AE4EF21ECA6C60016966A /* Constants.swift */ = {isa = PBXFileReference; fileEncoding = 4; lastKnownFileType = sourcecode.swift; path = Constants.swift; sourceTree = "<group>"; };
		B33AE4F221ECA6C60016966A /* Presentable.swift */ = {isa = PBXFileReference; fileEncoding = 4; lastKnownFileType = sourcecode.swift; path = Presentable.swift; sourceTree = "<group>"; };
		B33AE4F821ECA6CD0016966A /* Localization.strings */ = {isa = PBXFileReference; fileEncoding = 4; lastKnownFileType = text.plist.strings; path = Localization.strings; sourceTree = "<group>"; };
		B33AE4FA21ECA6CD0016966A /* Assets.xcassets */ = {isa = PBXFileReference; lastKnownFileType = folder.assetcatalog; path = Assets.xcassets; sourceTree = "<group>"; };
		B33AE4FC21ECA6CD0016966A /* R.generated.swift */ = {isa = PBXFileReference; fileEncoding = 4; lastKnownFileType = sourcecode.swift; path = R.generated.swift; sourceTree = "<group>"; };
		B33AE4FD21ECA6CD0016966A /* Info.plist */ = {isa = PBXFileReference; fileEncoding = 4; lastKnownFileType = text.plist.xml; path = Info.plist; sourceTree = "<group>"; };
/* End PBXFileReference section */

/* Begin PBXFrameworksBuildPhase section */
		B33AE48921ECA5B00016966A /* Frameworks */ = {
			isa = PBXFrameworksBuildPhase;
			buildActionMask = 2147483647;
			files = (
			);
			runOnlyForDeploymentPostprocessing = 0;
		};
/* End PBXFrameworksBuildPhase section */

/* Begin PBXGroup section */
		B33AE48321ECA5B00016966A = {
			isa = PBXGroup;
			children = (
				B33AE48E21ECA5B00016966A /* {{ cookiecutter.project_name | replace(' ', '') }} */,
				B33AE48D21ECA5B00016966A /* Products */,
			);
			sourceTree = "<group>";
		};
		B33AE48D21ECA5B00016966A /* Products */ = {
			isa = PBXGroup;
			children = (
				B33AE48C21ECA5B00016966A /* {{ cookiecutter.project_name | replace(' ', '') }}.app */,
			);
			name = Products;
			sourceTree = "<group>";
		};
		B33AE48E21ECA5B00016966A /* {{ cookiecutter.project_name | replace(' ', '') }} */ = {
			isa = PBXGroup;
			children = (
				B33AE4F721ECA6CD0016966A /* Other */,
				B33AE4EE21ECA6C60016966A /* Common */,
				B33AE4A121ECA6A60016966A /* Classes */,
			);
			path = "{{ cookiecutter.project_name | replace(' ', '') }}";
			sourceTree = "<group>";
		};
		B33AE4A121ECA6A60016966A /* Classes */ = {
			isa = PBXGroup;
			children = (
				B33AE4A221ECA6A60016966A /* BuisnessLayer */,
				B33AE4BA21ECA6A60016966A /* ApplicationLayer */,
				B33AE4C121ECA6A60016966A /* AppDelegate.swift */,
				B33AE4C221ECA6A60016966A /* PresentationLayer */,
			);
			path = Classes;
			sourceTree = "<group>";
		};
		B33AE4A221ECA6A60016966A /* BuisnessLayer */ = {
			isa = PBXGroup;
			children = (
				B33AE4A321ECA6A60016966A /* Core */,
				B33AE4AF21ECA6A60016966A /* Assembler */,
				B33AE4B421ECA6A60016966A /* Event Proxy */,
				B33AE4B721ECA6A60016966A /* Services */,
			);
			path = BuisnessLayer;
			sourceTree = "<group>";
		};
		B33AE4A321ECA6A60016966A /* Core */ = {
			isa = PBXGroup;
			children = (
				B33AE4A421ECA6A60016966A /* Network */,
				B33AE4AB21ECA6A60016966A /* Implementation */,
				B33AE4AD21ECA6A60016966A /* Protocols */,
			);
			path = Core;
			sourceTree = "<group>";
		};
		B33AE4A421ECA6A60016966A /* Network */ = {
			isa = PBXGroup;
			children = (
				B33AE4A521ECA6A60016966A /* Implementation */,
				B33AE4A621ECA6A60016966A /* Mappers */,
				B33AE4A921ECA6A60016966A /* Protocols */,
			);
			path = Network;
			sourceTree = "<group>";
		};
		B33AE4A521ECA6A60016966A /* Implementation */ = {
			isa = PBXGroup;
			children = (
			);
			path = Implementation;
			sourceTree = "<group>";
		};
		B33AE4A621ECA6A60016966A /* Mappers */ = {
			isa = PBXGroup;
			children = (
				B33AE4A721ECA6A60016966A /* Implementation */,
				B33AE4A821ECA6A60016966A /* Protocols */,
			);
			path = Mappers;
			sourceTree = "<group>";
		};
		B33AE4A721ECA6A60016966A /* Implementation */ = {
			isa = PBXGroup;
			children = (
			);
			path = Implementation;
			sourceTree = "<group>";
		};
		B33AE4A821ECA6A60016966A /* Protocols */ = {
			isa = PBXGroup;
			children = (
			);
			path = Protocols;
			sourceTree = "<group>";
		};
		B33AE4A921ECA6A60016966A /* Protocols */ = {
			isa = PBXGroup;
			children = (
				B33AE4AA21ECA6A60016966A /* NetworkProviderImp.swift */,
			);
			path = Protocols;
			sourceTree = "<group>";
		};
		B33AE4AB21ECA6A60016966A /* Implementation */ = {
			isa = PBXGroup;
			children = (
				B33AE4AC21ECA6A60016966A /* SharedSorage.swift */,
			);
			path = Implementation;
			sourceTree = "<group>";
		};
		B33AE4AD21ECA6A60016966A /* Protocols */ = {
			isa = PBXGroup;
			children = (
				B33AE4AE21ECA6A60016966A /* KeyValueSorage.swift */,
			);
			path = Protocols;
			sourceTree = "<group>";
		};
		B33AE4AF21ECA6A60016966A /* Assembler */ = {
			isa = PBXGroup;
			children = (
				B33AE4B021ECA6A60016966A /* ServicesAssembly.swift */,
				B33AE4B121ECA6A60016966A /* CoreComponentAssembly.swift */,
				B33AE4B221ECA6A60016966A /* ProxyAssembly.swift */,
				B33AE4B321ECA6A60016966A /* BusinessLayerAssembly.swift */,
			);
			path = Assembler;
			sourceTree = "<group>";
		};
		B33AE4B421ECA6A60016966A /* Event Proxy */ = {
			isa = PBXGroup;
			children = (
				B33AE4B521ECA6A60016966A /* Implementation */,
				B33AE4B621ECA6A60016966A /* Protocols */,
			);
			path = "Event Proxy";
			sourceTree = "<group>";
		};
		B33AE4B521ECA6A60016966A /* Implementation */ = {
			isa = PBXGroup;
			children = (
			);
			path = Implementation;
			sourceTree = "<group>";
		};
		B33AE4B621ECA6A60016966A /* Protocols */ = {
			isa = PBXGroup;
			children = (
			);
			path = Protocols;
			sourceTree = "<group>";
		};
		B33AE4B721ECA6A60016966A /* Services */ = {
			isa = PBXGroup;
			children = (
				B33AE4B821ECA6A60016966A /* Implementation */,
				B33AE4B921ECA6A60016966A /* Protocols */,
			);
			path = Services;
			sourceTree = "<group>";
		};
		B33AE4B821ECA6A60016966A /* Implementation */ = {
			isa = PBXGroup;
			children = (
			);
			path = Implementation;
			sourceTree = "<group>";
		};
		B33AE4B921ECA6A60016966A /* Protocols */ = {
			isa = PBXGroup;
			children = (
			);
			path = Protocols;
			sourceTree = "<group>";
		};
		B33AE4BA21ECA6A60016966A /* ApplicationLayer */ = {
			isa = PBXGroup;
			children = (
				B33AE4BB21ECA6A60016966A /* Configurators */,
				B33AE4BF21ECA6A60016966A /* Assembler */,
			);
			path = ApplicationLayer;
			sourceTree = "<group>";
		};
		B33AE4BB21ECA6A60016966A /* Configurators */ = {
			isa = PBXGroup;
			children = (
				B33AE4BC21ECA6A60016966A /* ConfiguratorProtocol.swift */,
				B33AE4BD21ECA6A60016966A /* ApplicationConfigurator.swift */,
				B33AE4BE21ECA6A60016966A /* AppearanceConfigurator.swift */,
			);
			path = Configurators;
			sourceTree = "<group>";
		};
		B33AE4BF21ECA6A60016966A /* Assembler */ = {
			isa = PBXGroup;
			children = (
				B33AE4C021ECA6A60016966A /* ApplicationAssembler.swift */,
			);
			path = Assembler;
			sourceTree = "<group>";
		};
		B33AE4C221ECA6A60016966A /* PresentationLayer */ = {
			isa = PBXGroup;
			children = (
				B33AE4C321ECA6A60016966A /* Assembler */,
				B33AE4C521ECA6A60016966A /* LaunchScreen.storyboard */,
				B33AE4C721ECA6A60016966A /* Modules */,
			);
			path = PresentationLayer;
			sourceTree = "<group>";
		};
		B33AE4C321ECA6A60016966A /* Assembler */ = {
			isa = PBXGroup;
			children = (
				B33AE4C421ECA6A60016966A /* ModuleAssembly.swift */,
			);
			path = Assembler;
			sourceTree = "<group>";
		};
		B33AE4C721ECA6A60016966A /* Modules */ = {
			isa = PBXGroup;
			children = (
				B33AE4C821ECA6A60016966A /* Root */,
			);
			path = Modules;
			sourceTree = "<group>";
		};
		B33AE4C821ECA6A60016966A /* Root */ = {
			isa = PBXGroup;
			children = (
				B33AE4C921ECA6A60016966A /* Assembly */,
				B33AE4CB21ECA6A60016966A /* Presenter */,
				B33AE4CD21ECA6A60016966A /* Root.storyboard */,
				B33AE4CE21ECA6A60016966A /* View */,
				B33AE4D021ECA6A60016966A /* Configurator */,
				B33AE4D221ECA6A60016966A /* Protocols */,
				B33AE4D421ECA6A60016966A /* Interactor */,
				B33AE4D621ECA6A60016966A /* Router */,
			);
			path = Root;
			sourceTree = "<group>";
		};
		B33AE4C921ECA6A60016966A /* Assembly */ = {
			isa = PBXGroup;
			children = (
				B33AE4CA21ECA6A60016966A /* RootAssembler.swift */,
			);
			path = Assembly;
			sourceTree = "<group>";
		};
		B33AE4CB21ECA6A60016966A /* Presenter */ = {
			isa = PBXGroup;
			children = (
				B33AE4CC21ECA6A60016966A /* RootPresenter.swift */,
			);
			path = Presenter;
			sourceTree = "<group>";
		};
		B33AE4CE21ECA6A60016966A /* View */ = {
			isa = PBXGroup;
			children = (
				B33AE4CF21ECA6A60016966A /* RootViewController.swift */,
			);
			path = View;
			sourceTree = "<group>";
		};
		B33AE4D021ECA6A60016966A /* Configurator */ = {
			isa = PBXGroup;
			children = (
				B33AE4D121ECA6A60016966A /* RootConfigurator.swift */,
			);
			path = Configurator;
			sourceTree = "<group>";
		};
		B33AE4D221ECA6A60016966A /* Protocols */ = {
			isa = PBXGroup;
			children = (
				B33AE4D321ECA6A60016966A /* RootProtocols.swift */,
			);
			path = Protocols;
			sourceTree = "<group>";
		};
		B33AE4D421ECA6A60016966A /* Interactor */ = {
			isa = PBXGroup;
			children = (
				B33AE4D521ECA6A60016966A /* RootInteractor.swift */,
			);
			path = Interactor;
			sourceTree = "<group>";
		};
		B33AE4D621ECA6A60016966A /* Router */ = {
			isa = PBXGroup;
			children = (
				B33AE4D721ECA6A60016966A /* RootRouter.swift */,
			);
			path = Router;
			sourceTree = "<group>";
		};
		B33AE4EE21ECA6C60016966A /* Common */ = {
			isa = PBXGroup;
			children = (
				B33AE4EF21ECA6C60016966A /* Constants.swift */,
				B33AE4F021ECA6C60016966A /* Extensions */,
				B33AE4F121ECA6C60016966A /* Protocols */,
				B33AE4F321ECA6C60016966A /* Base */,
			);
			path = Common;
			sourceTree = "<group>";
		};
		B33AE4F021ECA6C60016966A /* Extensions */ = {
			isa = PBXGroup;
			children = (
			);
			path = Extensions;
			sourceTree = "<group>";
		};
		B33AE4F121ECA6C60016966A /* Protocols */ = {
			isa = PBXGroup;
			children = (
				B33AE4F221ECA6C60016966A /* Presentable.swift */,
			);
			path = Protocols;
			sourceTree = "<group>";
		};
		B33AE4F321ECA6C60016966A /* Base */ = {
			isa = PBXGroup;
			children = (
				B33AE4F421ECA6C60016966A /* ThematicBase */,
			);
			path = Base;
			sourceTree = "<group>";
		};
		B33AE4F421ECA6C60016966A /* ThematicBase */ = {
			isa = PBXGroup;
			children = (
			);
			path = ThematicBase;
			sourceTree = "<group>";
		};
		B33AE4F721ECA6CD0016966A /* Other */ = {
			isa = PBXGroup;
			children = (
				B33AE4F821ECA6CD0016966A /* Localization.strings */,
				B33AE4F921ECA6CD0016966A /* Resources */,
				B33AE4FC21ECA6CD0016966A /* R.generated.swift */,
				B33AE4FD21ECA6CD0016966A /* Info.plist */,
			);
			path = Other;
			sourceTree = "<group>";
		};
		B33AE4F921ECA6CD0016966A /* Resources */ = {
			isa = PBXGroup;
			children = (
				B33AE4FA21ECA6CD0016966A /* Assets.xcassets */,
				B33AE4FB21ECA6CD0016966A /* Fonts */,
			);
			path = Resources;
			sourceTree = "<group>";
		};
		B33AE4FB21ECA6CD0016966A /* Fonts */ = {
			isa = PBXGroup;
			children = (
			);
			path = Fonts;
			sourceTree = "<group>";
		};
/* End PBXGroup section */

/* Begin PBXNativeTarget section */
		B33AE48B21ECA5B00016966A /* {{ cookiecutter.project_name | replace(' ', '') }} */ = {
			isa = PBXNativeTarget;
			buildConfigurationList = B33AE49E21ECA5B10016966A /* Build configuration list for PBXNativeTarget "{{ cookiecutter.project_name | replace(' ', '') }}" */;
			buildPhases = (
				B33AE48821ECA5B00016966A /* Sources */,
				B33AE48921ECA5B00016966A /* Frameworks */,
				B33AE48A21ECA5B00016966A /* Resources */,
				B33AE50221ECA7580016966A /* ShellScript */,
				B33AE50321ECA77B0016966A /* ShellScript */,
			);
			buildRules = (
			);
			dependencies = (
			);
			name = "{{ cookiecutter.project_name | replace(' ', '') }}";
			productName = "{{ cookiecutter.project_name | replace(' ', '') }}";
			productReference = B33AE48C21ECA5B00016966A /* {{ cookiecutter.project_name | replace(' ', '') }}.app */;
			productType = "com.apple.product-type.application";
		};
/* End PBXNativeTarget section */

/* Begin PBXProject section */
		B33AE48421ECA5B00016966A /* Project object */ = {
			isa = PBXProject;
			attributes = {
				LastSwiftUpdateCheck = 1010;
				LastUpgradeCheck = 1010;
				ORGANIZATIONNAME = PixelPlex;
				TargetAttributes = {
					B33AE48B21ECA5B00016966A = {
						CreatedOnToolsVersion = 10.1;
					};
				};
			};
			buildConfigurationList = B33AE48721ECA5B00016966A /* Build configuration list for PBXProject "{{ cookiecutter.project_name | replace(' ', '') }}" */;
			compatibilityVersion = "Xcode 9.3";
			developmentRegion = en;
			hasScannedForEncodings = 0;
			knownRegions = (
				en,
				Base,
			);
			mainGroup = B33AE48321ECA5B00016966A;
			productRefGroup = B33AE48D21ECA5B00016966A /* Products */;
			projectDirPath = "";
			projectRoot = "";
			targets = (
				B33AE48B21ECA5B00016966A /* {{ cookiecutter.project_name | replace(' ', '') }} */,
			);
		};
/* End PBXProject section */

/* Begin PBXResourcesBuildPhase section */
		B33AE48A21ECA5B00016966A /* Resources */ = {
			isa = PBXResourcesBuildPhase;
			buildActionMask = 2147483647;
			files = (
				B33AE50121ECA6CD0016966A /* Info.plist in Resources */,
				B33AE4E821ECA6A60016966A /* Root.storyboard in Resources */,
				B33AE4FE21ECA6CD0016966A /* Localization.strings in Resources */,
				B33AE4E521ECA6A60016966A /* LaunchScreen.storyboard in Resources */,
				B33AE4FF21ECA6CD0016966A /* Assets.xcassets in Resources */,
			);
			runOnlyForDeploymentPostprocessing = 0;
		};
/* End PBXResourcesBuildPhase section */

/* Begin PBXShellScriptBuildPhase section */
		B33AE50221ECA7580016966A /* ShellScript */ = {
			isa = PBXShellScriptBuildPhase;
			buildActionMask = 2147483647;
			files = (
			);
			inputFileListPaths = (
			);
			inputPaths = (
			);
			outputFileListPaths = (
			);
			outputPaths = (
			);
			runOnlyForDeploymentPostprocessing = 0;
			shellPath = /bin/sh;
			shellScript = "\"$PODS_ROOT/R.swift/rswift\" generate \"$SRCROOT/{{ cookiecutter.project_name | replace(' ', '') }}/Other\"\n";
		};
		B33AE50321ECA77B0016966A /* ShellScript */ = {
			isa = PBXShellScriptBuildPhase;
			buildActionMask = 2147483647;
			files = (
			);
			inputFileListPaths = (
			);
			inputPaths = (
			);
			outputFileListPaths = (
			);
			outputPaths = (
			);
			runOnlyForDeploymentPostprocessing = 0;
			shellPath = /bin/sh;
			shellScript = "if which swiftlint >/dev/null; then\nswiftlint\nelse\necho \"error: SwiftLint does not exist, download it from https://github.com/realm/SwiftLint\"\nexit 1\nfi\n";
		};
/* End PBXShellScriptBuildPhase section */

/* Begin PBXSourcesBuildPhase section */
		B33AE48821ECA5B00016966A /* Sources */ = {
			isa = PBXSourcesBuildPhase;
			buildActionMask = 2147483647;
			files = (
				B33AE4DF21ECA6A60016966A /* ConfiguratorProtocol.swift in Sources */,
				B33AE4F521ECA6C60016966A /* Constants.swift in Sources */,
				B33AE4E921ECA6A60016966A /* RootViewController.swift in Sources */,
				B33AE4DC21ECA6A60016966A /* CoreComponentAssembly.swift in Sources */,
				B33AE4D821ECA6A60016966A /* NetworkProviderImp.swift in Sources */,
				B33AE4ED21ECA6A60016966A /* RootRouter.swift in Sources */,
				B33AE4E221ECA6A60016966A /* ApplicationAssembler.swift in Sources */,
				B33AE4F621ECA6C60016966A /* Presentable.swift in Sources */,
				B33AE4DB21ECA6A60016966A /* ServicesAssembly.swift in Sources */,
				B33AE4EB21ECA6A60016966A /* RootProtocols.swift in Sources */,
				B33AE4DD21ECA6A60016966A /* ProxyAssembly.swift in Sources */,
				B33AE50021ECA6CD0016966A /* R.generated.swift in Sources */,
				B33AE4E121ECA6A60016966A /* AppearanceConfigurator.swift in Sources */,
				B33AE4E421ECA6A60016966A /* ModuleAssembly.swift in Sources */,
				B33AE4E021ECA6A60016966A /* ApplicationConfigurator.swift in Sources */,
				B33AE4E321ECA6A60016966A /* AppDelegate.swift in Sources */,
				B33AE4E721ECA6A60016966A /* RootPresenter.swift in Sources */,
				B33AE4D921ECA6A60016966A /* SharedSorage.swift in Sources */,
				B33AE4EC21ECA6A60016966A /* RootInteractor.swift in Sources */,
				B33AE4DA21ECA6A60016966A /* KeyValueSorage.swift in Sources */,
				B33AE4EA21ECA6A60016966A /* RootConfigurator.swift in Sources */,
				B33AE4E621ECA6A60016966A /* RootAssembler.swift in Sources */,
				B33AE4DE21ECA6A60016966A /* BusinessLayerAssembly.swift in Sources */,
			);
			runOnlyForDeploymentPostprocessing = 0;
		};
/* End PBXSourcesBuildPhase section */

/* Begin PBXVariantGroup section */
		B33AE4C521ECA6A60016966A /* LaunchScreen.storyboard */ = {
			isa = PBXVariantGroup;
			children = (
				B33AE4C621ECA6A60016966A /* Base */,
			);
			name = LaunchScreen.storyboard;
			sourceTree = "<group>";
		};
/* End PBXVariantGroup section */

/* Begin XCBuildConfiguration section */
		B33AE49C21ECA5B10016966A /* Debug */ = {
			isa = XCBuildConfiguration;
			buildSettings = {
				ALWAYS_SEARCH_USER_PATHS = NO;
				CLANG_ANALYZER_NONNULL = YES;
				CLANG_ANALYZER_NUMBER_OBJECT_CONVERSION = YES_AGGRESSIVE;
				CLANG_CXX_LANGUAGE_STANDARD = "gnu++14";
				CLANG_CXX_LIBRARY = "libc++";
				CLANG_ENABLE_MODULES = YES;
				CLANG_ENABLE_OBJC_ARC = YES;
				CLANG_ENABLE_OBJC_WEAK = YES;
				CLANG_WARN_BLOCK_CAPTURE_AUTORELEASING = YES;
				CLANG_WARN_BOOL_CONVERSION = YES;
				CLANG_WARN_COMMA = YES;
				CLANG_WARN_CONSTANT_CONVERSION = YES;
				CLANG_WARN_DEPRECATED_OBJC_IMPLEMENTATIONS = YES;
				CLANG_WARN_DIRECT_OBJC_ISA_USAGE = YES_ERROR;
				CLANG_WARN_DOCUMENTATION_COMMENTS = YES;
				CLANG_WARN_EMPTY_BODY = YES;
				CLANG_WARN_ENUM_CONVERSION = YES;
				CLANG_WARN_INFINITE_RECURSION = YES;
				CLANG_WARN_INT_CONVERSION = YES;
				CLANG_WARN_NON_LITERAL_NULL_CONVERSION = YES;
				CLANG_WARN_OBJC_IMPLICIT_RETAIN_SELF = YES;
				CLANG_WARN_OBJC_LITERAL_CONVERSION = YES;
				CLANG_WARN_OBJC_ROOT_CLASS = YES_ERROR;
				CLANG_WARN_RANGE_LOOP_ANALYSIS = YES;
				CLANG_WARN_STRICT_PROTOTYPES = YES;
				CLANG_WARN_SUSPICIOUS_MOVE = YES;
				CLANG_WARN_UNGUARDED_AVAILABILITY = YES_AGGRESSIVE;
				CLANG_WARN_UNREACHABLE_CODE = YES;
				CLANG_WARN__DUPLICATE_METHOD_MATCH = YES;
				CODE_SIGN_IDENTITY = "iPhone Developer";
				COPY_PHASE_STRIP = NO;
				DEBUG_INFORMATION_FORMAT = dwarf;
				ENABLE_STRICT_OBJC_MSGSEND = YES;
				ENABLE_TESTABILITY = YES;
				GCC_C_LANGUAGE_STANDARD = gnu11;
				GCC_DYNAMIC_NO_PIC = NO;
				GCC_NO_COMMON_BLOCKS = YES;
				GCC_OPTIMIZATION_LEVEL = 0;
				GCC_PREPROCESSOR_DEFINITIONS = (
					"DEBUG=1",
					"$(inherited)",
				);
				GCC_WARN_64_TO_32_BIT_CONVERSION = YES;
				GCC_WARN_ABOUT_RETURN_TYPE = YES_ERROR;
				GCC_WARN_UNDECLARED_SELECTOR = YES;
				GCC_WARN_UNINITIALIZED_AUTOS = YES_AGGRESSIVE;
				GCC_WARN_UNUSED_FUNCTION = YES;
				GCC_WARN_UNUSED_VARIABLE = YES;
				IPHONEOS_DEPLOYMENT_TARGET = 12.1;
				MTL_ENABLE_DEBUG_INFO = INCLUDE_SOURCE;
				MTL_FAST_MATH = YES;
				ONLY_ACTIVE_ARCH = YES;
				SDKROOT = iphoneos;
				SWIFT_ACTIVE_COMPILATION_CONDITIONS = DEBUG;
				SWIFT_OPTIMIZATION_LEVEL = "-Onone";
			};
			name = Debug;
		};
		B33AE49D21ECA5B10016966A /* Release */ = {
			isa = XCBuildConfiguration;
			buildSettings = {
				ALWAYS_SEARCH_USER_PATHS = NO;
				CLANG_ANALYZER_NONNULL = YES;
				CLANG_ANALYZER_NUMBER_OBJECT_CONVERSION = YES_AGGRESSIVE;
				CLANG_CXX_LANGUAGE_STANDARD = "gnu++14";
				CLANG_CXX_LIBRARY = "libc++";
				CLANG_ENABLE_MODULES = YES;
				CLANG_ENABLE_OBJC_ARC = YES;
				CLANG_ENABLE_OBJC_WEAK = YES;
				CLANG_WARN_BLOCK_CAPTURE_AUTORELEASING = YES;
				CLANG_WARN_BOOL_CONVERSION = YES;
				CLANG_WARN_COMMA = YES;
				CLANG_WARN_CONSTANT_CONVERSION = YES;
				CLANG_WARN_DEPRECATED_OBJC_IMPLEMENTATIONS = YES;
				CLANG_WARN_DIRECT_OBJC_ISA_USAGE = YES_ERROR;
				CLANG_WARN_DOCUMENTATION_COMMENTS = YES;
				CLANG_WARN_EMPTY_BODY = YES;
				CLANG_WARN_ENUM_CONVERSION = YES;
				CLANG_WARN_INFINITE_RECURSION = YES;
				CLANG_WARN_INT_CONVERSION = YES;
				CLANG_WARN_NON_LITERAL_NULL_CONVERSION = YES;
				CLANG_WARN_OBJC_IMPLICIT_RETAIN_SELF = YES;
				CLANG_WARN_OBJC_LITERAL_CONVERSION = YES;
				CLANG_WARN_OBJC_ROOT_CLASS = YES_ERROR;
				CLANG_WARN_RANGE_LOOP_ANALYSIS = YES;
				CLANG_WARN_STRICT_PROTOTYPES = YES;
				CLANG_WARN_SUSPICIOUS_MOVE = YES;
				CLANG_WARN_UNGUARDED_AVAILABILITY = YES_AGGRESSIVE;
				CLANG_WARN_UNREACHABLE_CODE = YES;
				CLANG_WARN__DUPLICATE_METHOD_MATCH = YES;
				CODE_SIGN_IDENTITY = "iPhone Developer";
				COPY_PHASE_STRIP = NO;
				DEBUG_INFORMATION_FORMAT = "dwarf-with-dsym";
				ENABLE_NS_ASSERTIONS = NO;
				ENABLE_STRICT_OBJC_MSGSEND = YES;
				GCC_C_LANGUAGE_STANDARD = gnu11;
				GCC_NO_COMMON_BLOCKS = YES;
				GCC_WARN_64_TO_32_BIT_CONVERSION = YES;
				GCC_WARN_ABOUT_RETURN_TYPE = YES_ERROR;
				GCC_WARN_UNDECLARED_SELECTOR = YES;
				GCC_WARN_UNINITIALIZED_AUTOS = YES_AGGRESSIVE;
				GCC_WARN_UNUSED_FUNCTION = YES;
				GCC_WARN_UNUSED_VARIABLE = YES;
				IPHONEOS_DEPLOYMENT_TARGET = 12.1;
				MTL_ENABLE_DEBUG_INFO = NO;
				MTL_FAST_MATH = YES;
				SDKROOT = iphoneos;
				SWIFT_COMPILATION_MODE = wholemodule;
				SWIFT_OPTIMIZATION_LEVEL = "-O";
				VALIDATE_PRODUCT = YES;
			};
			name = Release;
		};
		B33AE49F21ECA5B10016966A /* Debug */ = {
			isa = XCBuildConfiguration;
			buildSettings = {
				ASSETCATALOG_COMPILER_APPICON_NAME = AppIcon;
				CODE_SIGN_STYLE = Automatic;
				DEVELOPMENT_TEAM = Q7Q43CUMWT;
				INFOPLIST_FILE = "{{ cookiecutter.project_name | replace(' ', '') }}/Info.plist";
				LD_RUNPATH_SEARCH_PATHS = (
					"$(inherited)",
					"@executable_path/Frameworks",
				);
				PRODUCT_BUNDLE_IDENTIFIER = "com.pixelplex.---cookiecutter-project-name---replace------------";
				PRODUCT_NAME = "$(TARGET_NAME)";
				SWIFT_VERSION = 4.2;
				TARGETED_DEVICE_FAMILY = "1,2";
			};
			name = Debug;
		};
		B33AE4A021ECA5B10016966A /* Release */ = {
			isa = XCBuildConfiguration;
			buildSettings = {
				ASSETCATALOG_COMPILER_APPICON_NAME = AppIcon;
				CODE_SIGN_STYLE = Automatic;
				DEVELOPMENT_TEAM = Q7Q43CUMWT;
				INFOPLIST_FILE = "{{ cookiecutter.project_name | replace(' ', '') }}/Info.plist";
				LD_RUNPATH_SEARCH_PATHS = (
					"$(inherited)",
					"@executable_path/Frameworks",
				);
				PRODUCT_BUNDLE_IDENTIFIER = "com.pixelplex.---cookiecutter-project-name---replace------------";
				PRODUCT_NAME = "$(TARGET_NAME)";
				SWIFT_VERSION = 4.2;
				TARGETED_DEVICE_FAMILY = "1,2";
			};
			name = Release;
		};
/* End XCBuildConfiguration section */

/* Begin XCConfigurationList section */
		B33AE48721ECA5B00016966A /* Build configuration list for PBXProject "{{ cookiecutter.project_name | replace(' ', '') }}" */ = {
			isa = XCConfigurationList;
			buildConfigurations = (
				B33AE49C21ECA5B10016966A /* Debug */,
				B33AE49D21ECA5B10016966A /* Release */,
			);
			defaultConfigurationIsVisible = 0;
			defaultConfigurationName = Release;
		};
		B33AE49E21ECA5B10016966A /* Build configuration list for PBXNativeTarget "{{ cookiecutter.project_name | replace(' ', '') }}" */ = {
			isa = XCConfigurationList;
			buildConfigurations = (
				B33AE49F21ECA5B10016966A /* Debug */,
				B33AE4A021ECA5B10016966A /* Release */,
			);
			defaultConfigurationIsVisible = 0;
			defaultConfigurationName = Release;
		};
/* End XCConfigurationList section */
	};
	rootObject = B33AE48421ECA5B00016966A /* Project object */;
}
